
Microsoft Visual Studio Solution File, Format Version 12.00
# Visual Studio 15
VisualStudioVersion = 15.0.26228.10
MinimumVisualStudioVersion = 10.0.40219.1
Project("{FAE04EC0-301F-11D3-BF4B-00C04F79EFBC}") = "App1.Android", "App1\App1.Android\App1.Android.csproj", "{3BCE9EB2-86F6-40B8-B5F8-16B3B9BFA92D}"
EndProject
Project("{FAE04EC0-301F-11D3-BF4B-00C04F79EFBC}") = "App1", "App1\App1\App1.csproj", "{B8183EC3-16E3-40F5-9620-CC4825BAB2E3}"
EndProject
Project("{FAE04EC0-301F-11D3-BF4B-00C04F79EFBC}") = "App1.UWP", "App1\App1.UWP\App1.UWP.csproj", "{45CEFA3A-E74A-4035-AAB6-4D882BE7CA7F}"
EndProject
Project("{FAE04EC0-301F-11D3-BF4B-00C04F79EFBC}") = "App1.iOS", "App1\App1.iOS\App1.iOS.csproj", "{A78A9F52-63E7-43EC-8286-D065AEED5AFC}"
EndProject
Global
	GlobalSection(SolutionConfigurationPlatforms) = preSolution
		Ad-Hoc|Any CPU = Ad-Hoc|Any CPU
		Ad-Hoc|ARM = Ad-Hoc|ARM
		Ad-Hoc|iPhone = Ad-Hoc|iPhone
		Ad-Hoc|iPhoneSimulator = Ad-Hoc|iPhoneSimulator
		Ad-Hoc|x64 = Ad-Hoc|x64
		Ad-Hoc|x86 = Ad-Hoc|x86
		AppStore|Any CPU = AppStore|Any CPU
		AppStore|ARM = AppStore|ARM
		AppStore|iPhone = AppStore|iPhone
		AppStore|iPhoneSimulator = AppStore|iPhoneSimulator
		AppStore|x64 = AppStore|x64
		AppStore|x86 = AppStore|x86
		Debug|Any CPU = Debug|Any CPU
		Debug|ARM = Debug|ARM
		Debug|iPhone = Debug|iPhone
		Debug|iPhoneSimulator = Debug|iPhoneSimulator
		Debug|x64 = Debug|x64
		Debug|x86 = Debug|x86
		Release|Any CPU = Release|Any CPU
		Release|ARM = Release|ARM
		Release|iPhone = Release|iPhone
		Release|iPhoneSimulator = Release|iPhoneSimulator
		Release|x64 = Release|x64
		Release|x86 = Release|x86
	EndGlobalSection
	GlobalSection(ProjectConfigurationPlatforms) = postSolution
		{3BCE9EB2-86F6-40B8-B5F8-16B3B9BFA92D}.Ad-Hoc|Any CPU.ActiveCfg = Release|Any CPU
		{3BCE9EB2-86F6-40B8-B5F8-16B3B9BFA92D}.Ad-Hoc|Any CPU.Build.0 = Release|Any CPU
		{3BCE9EB2-86F6-40B8-B5F8-16B3B9BFA92D}.Ad-Hoc|Any CPU.Deploy.0 = Release|Any CPU
		{3BCE9EB2-86F6-40B8-B5F8-16B3B9BFA92D}.Ad-Hoc|ARM.ActiveCfg = Release|Any CPU
		{3BCE9EB2-86F6-40B8-B5F8-16B3B9BFA92D}.Ad-Hoc|ARM.Build.0 = Release|Any CPU
		{3BCE9EB2-86F6-40B8-B5F8-16B3B9BFA92D}.Ad-Hoc|ARM.Deploy.0 = Release|Any CPU
		{3BCE9EB2-86F6-40B8-B5F8-16B3B9BFA92D}.Ad-Hoc|iPhone.ActiveCfg = Release|Any CPU
		{3BCE9EB2-86F6-40B8-B5F8-16B3B9BFA92D}.Ad-Hoc|iPhone.Build.0 = Release|Any CPU
		{3BCE9EB2-86F6-40B8-B5F8-16B3B9BFA92D}.Ad-Hoc|iPhone.Deploy.0 = Release|Any CPU
		{3BCE9EB2-86F6-40B8-B5F8-16B3B9BFA92D}.Ad-Hoc|iPhoneSimulator.ActiveCfg = Release|Any CPU
		{3BCE9EB2-86F6-40B8-B5F8-16B3B9BFA92D}.Ad-Hoc|iPhoneSimulator.Build.0 = Release|Any CPU
		{3BCE9EB2-86F6-40B8-B5F8-16B3B9BFA92D}.Ad-Hoc|iPhoneSimulator.Deploy.0 = Release|Any CPU
		{3BCE9EB2-86F6-40B8-B5F8-16B3B9BFA92D}.Ad-Hoc|x64.ActiveCfg = Release|Any CPU
		{3BCE9EB2-86F6-40B8-B5F8-16B3B9BFA92D}.Ad-Hoc|x64.Build.0 = Release|Any CPU
		{3BCE9EB2-86F6-40B8-B5F8-16B3B9BFA92D}.Ad-Hoc|x64.Deploy.0 = Release|Any CPU
		{3BCE9EB2-86F6-40B8-B5F8-16B3B9BFA92D}.Ad-Hoc|x86.ActiveCfg = Release|Any CPU
		{3BCE9EB2-86F6-40B8-B5F8-16B3B9BFA92D}.Ad-Hoc|x86.Build.0 = Release|Any CPU
		{3BCE9EB2-86F6-40B8-B5F8-16B3B9BFA92D}.Ad-Hoc|x86.Deploy.0 = Release|Any CPU
		{3BCE9EB2-86F6-40B8-B5F8-16B3B9BFA92D}.AppStore|Any CPU.ActiveCfg = Release|Any CPU
		{3BCE9EB2-86F6-40B8-B5F8-16B3B9BFA92D}.AppStore|Any CPU.Build.0 = Release|Any CPU
		{3BCE9EB2-86F6-40B8-B5F8-16B3B9BFA92D}.AppStore|Any CPU.Deploy.0 = Release|Any CPU
		{3BCE9EB2-86F6-40B8-B5F8-16B3B9BFA92D}.AppStore|ARM.ActiveCfg = Release|Any CPU
		{3BCE9EB2-86F6-40B8-B5F8-16B3B9BFA92D}.AppStore|ARM.Build.0 = Release|Any CPU
		{3BCE9EB2-86F6-40B8-B5F8-16B3B9BFA92D}.AppStore|ARM.Deploy.0 = Release|Any CPU
		{3BCE9EB2-86F6-40B8-B5F8-16B3B9BFA92D}.AppStore|iPhone.ActiveCfg = Release|Any CPU
		{3BCE9EB2-86F6-40B8-B5F8-16B3B9BFA92D}.AppStore|iPhone.Build.0 = Release|Any CPU
		{3BCE9EB2-86F6-40B8-B5F8-16B3B9BFA92D}.AppStore|iPhone.Deploy.0 = Release|Any CPU
		{3BCE9EB2-86F6-40B8-B5F8-16B3B9BFA92D}.AppStore|iPhoneSimulator.ActiveCfg = Release|Any CPU
		{3BCE9EB2-86F6-40B8-B5F8-16B3B9BFA92D}.AppStore|iPhoneSimulator.Build.0 = Release|Any CPU
		{3BCE9EB2-86F6-40B8-B5F8-16B3B9BFA92D}.AppStore|iPhoneSimulator.Deploy.0 = Release|Any CPU
		{3BCE9EB2-86F6-40B8-B5F8-16B3B9BFA92D}.AppStore|x64.ActiveCfg = Release|Any CPU
		{3BCE9EB2-86F6-40B8-B5F8-16B3B9BFA92D}.AppStore|x64.Build.0 = Release|Any CPU
		{3BCE9EB2-86F6-40B8-B5F8-16B3B9BFA92D}.AppStore|x64.Deploy.0 = Release|Any CPU
		{3BCE9EB2-86F6-40B8-B5F8-16B3B9BFA92D}.AppStore|x86.ActiveCfg = Release|Any CPU
		{3BCE9EB2-86F6-40B8-B5F8-16B3B9BFA92D}.AppStore|x86.Build.0 = Release|Any CPU
		{3BCE9EB2-86F6-40B8-B5F8-16B3B9BFA92D}.AppStore|x86.Deploy.0 = Release|Any CPU
		{3BCE9EB2-86F6-40B8-B5F8-16B3B9BFA92D}.Debug|Any CPU.ActiveCfg = Debug|Any CPU
		{3BCE9EB2-86F6-40B8-B5F8-16B3B9BFA92D}.Debug|Any CPU.Build.0 = Debug|Any CPU
		{3BCE9EB2-86F6-40B8-B5F8-16B3B9BFA92D}.Debug|Any CPU.Deploy.0 = Debug|Any CPU
		{3BCE9EB2-86F6-40B8-B5F8-16B3B9BFA92D}.Debug|ARM.ActiveCfg = Debug|Any CPU
		{3BCE9EB2-86F6-40B8-B5F8-16B3B9BFA92D}.Debug|ARM.Build.0 = Debug|Any CPU
		{3BCE9EB2-86F6-40B8-B5F8-16B3B9BFA92D}.Debug|ARM.Deploy.0 = Debug|Any CPU
		{3BCE9EB2-86F6-40B8-B5F8-16B3B9BFA92D}.Debug|iPhone.ActiveCfg = Debug|Any CPU
		{3BCE9EB2-86F6-40B8-B5F8-16B3B9BFA92D}.Debug|iPhone.Build.0 = Debug|Any CPU
		{3BCE9EB2-86F6-40B8-B5F8-16B3B9BFA92D}.Debug|iPhone.Deploy.0 = Debug|Any CPU
		{3BCE9EB2-86F6-40B8-B5F8-16B3B9BFA92D}.Debug|iPhoneSimulator.ActiveCfg = Debug|Any CPU
		{3BCE9EB2-86F6-40B8-B5F8-16B3B9BFA92D}.Debug|iPhoneSimulator.Build.0 = Debug|Any CPU
		{3BCE9EB2-86F6-40B8-B5F8-16B3B9BFA92D}.Debug|iPhoneSimulator.Deploy.0 = Debug|Any CPU
		{3BCE9EB2-86F6-40B8-B5F8-16B3B9BFA92D}.Debug|x64.ActiveCfg = Debug|Any CPU
		{3BCE9EB2-86F6-40B8-B5F8-16B3B9BFA92D}.Debug|x64.Build.0 = Debug|Any CPU
		{3BCE9EB2-86F6-40B8-B5F8-16B3B9BFA92D}.Debug|x64.Deploy.0 = Debug|Any CPU
		{3BCE9EB2-86F6-40B8-B5F8-16B3B9BFA92D}.Debug|x86.ActiveCfg = Debug|Any CPU
		{3BCE9EB2-86F6-40B8-B5F8-16B3B9BFA92D}.Debug|x86.Build.0 = Debug|Any CPU
		{3BCE9EB2-86F6-40B8-B5F8-16B3B9BFA92D}.Debug|x86.Deploy.0 = Debug|Any CPU
		{3BCE9EB2-86F6-40B8-B5F8-16B3B9BFA92D}.Release|Any CPU.ActiveCfg = Release|Any CPU
		{3BCE9EB2-86F6-40B8-B5F8-16B3B9BFA92D}.Release|Any CPU.Build.0 = Release|Any CPU
		{3BCE9EB2-86F6-40B8-B5F8-16B3B9BFA92D}.Release|Any CPU.Deploy.0 = Release|Any CPU
		{3BCE9EB2-86F6-40B8-B5F8-16B3B9BFA92D}.Release|ARM.ActiveCfg = Release|Any CPU
		{3BCE9EB2-86F6-40B8-B5F8-16B3B9BFA92D}.Release|ARM.Build.0 = Release|Any CPU
		{3BCE9EB2-86F6-40B8-B5F8-16B3B9BFA92D}.Release|ARM.Deploy.0 = Release|Any CPU
		{3BCE9EB2-86F6-40B8-B5F8-16B3B9BFA92D}.Release|iPhone.ActiveCfg = Release|Any CPU
		{3BCE9EB2-86F6-40B8-B5F8-16B3B9BFA92D}.Release|iPhone.Build.0 = Release|Any CPU
		{3BCE9EB2-86F6-40B8-B5F8-16B3B9BFA92D}.Release|iPhone.Deploy.0 = Release|Any CPU
		{3BCE9EB2-86F6-40B8-B5F8-16B3B9BFA92D}.Release|iPhoneSimulator.ActiveCfg = Release|Any CPU
		{3BCE9EB2-86F6-40B8-B5F8-16B3B9BFA92D}.Release|iPhoneSimulator.Build.0 = Release|Any CPU
		{3BCE9EB2-86F6-40B8-B5F8-16B3B9BFA92D}.Release|iPhoneSimulator.Deploy.0 = Release|Any CPU
		{3BCE9EB2-86F6-40B8-B5F8-16B3B9BFA92D}.Release|x64.ActiveCfg = Release|Any CPU
		{3BCE9EB2-86F6-40B8-B5F8-16B3B9BFA92D}.Release|x64.Build.0 = Release|Any CPU
		{3BCE9EB2-86F6-40B8-B5F8-16B3B9BFA92D}.Release|x64.Deploy.0 = Release|Any CPU
		{3BCE9EB2-86F6-40B8-B5F8-16B3B9BFA92D}.Release|x86.ActiveCfg = Release|Any CPU
		{3BCE9EB2-86F6-40B8-B5F8-16B3B9BFA92D}.Release|x86.Build.0 = Release|Any CPU
		{3BCE9EB2-86F6-40B8-B5F8-16B3B9BFA92D}.Release|x86.Deploy.0 = Release|Any CPU
		{B8183EC3-16E3-40F5-9620-CC4825BAB2E3}.Ad-Hoc|Any CPU.ActiveCfg = Release|Any CPU
		{B8183EC3-16E3-40F5-9620-CC4825BAB2E3}.Ad-Hoc|Any CPU.Build.0 = Release|Any CPU
		{B8183EC3-16E3-40F5-9620-CC4825BAB2E3}.Ad-Hoc|ARM.ActiveCfg = Release|Any CPU
		{B8183EC3-16E3-40F5-9620-CC4825BAB2E3}.Ad-Hoc|ARM.Build.0 = Release|Any CPU
		{B8183EC3-16E3-40F5-9620-CC4825BAB2E3}.Ad-Hoc|iPhone.ActiveCfg = Release|Any CPU
		{B8183EC3-16E3-40F5-9620-CC4825BAB2E3}.Ad-Hoc|iPhone.Build.0 = Release|Any CPU
		{B8183EC3-16E3-40F5-9620-CC4825BAB2E3}.Ad-Hoc|iPhoneSimulator.ActiveCfg = Release|Any CPU
		{B8183EC3-16E3-40F5-9620-CC4825BAB2E3}.Ad-Hoc|iPhoneSimulator.Build.0 = Release|Any CPU
		{B8183EC3-16E3-40F5-9620-CC4825BAB2E3}.Ad-Hoc|x64.ActiveCfg = Release|Any CPU
		{B8183EC3-16E3-40F5-9620-CC4825BAB2E3}.Ad-Hoc|x64.Build.0 = Release|Any CPU
		{B8183EC3-16E3-40F5-9620-CC4825BAB2E3}.Ad-Hoc|x86.ActiveCfg = Release|Any CPU
		{B8183EC3-16E3-40F5-9620-CC4825BAB2E3}.Ad-Hoc|x86.Build.0 = Release|Any CPU
		{B8183EC3-16E3-40F5-9620-CC4825BAB2E3}.AppStore|Any CPU.ActiveCfg = Release|Any CPU
		{B8183EC3-16E3-40F5-9620-CC4825BAB2E3}.AppStore|Any CPU.Build.0 = Release|Any CPU
		{B8183EC3-16E3-40F5-9620-CC4825BAB2E3}.AppStore|ARM.ActiveCfg = Release|Any CPU
		{B8183EC3-16E3-40F5-9620-CC4825BAB2E3}.AppStore|ARM.Build.0 = Release|Any CPU
		{B8183EC3-16E3-40F5-9620-CC4825BAB2E3}.AppStore|iPhone.ActiveCfg = Release|Any CPU
		{B8183EC3-16E3-40F5-9620-CC4825BAB2E3}.AppStore|iPhone.Build.0 = Release|Any CPU
		{B8183EC3-16E3-40F5-9620-CC4825BAB2E3}.AppStore|iPhoneSimulator.ActiveCfg = Release|Any CPU
		{B8183EC3-16E3-40F5-9620-CC4825BAB2E3}.AppStore|iPhoneSimulator.Build.0 = Release|Any CPU
		{B8183EC3-16E3-40F5-9620-CC4825BAB2E3}.AppStore|x64.ActiveCfg = Release|Any CPU
		{B8183EC3-16E3-40F5-9620-CC4825BAB2E3}.AppStore|x64.Build.0 = Release|Any CPU
		{B8183EC3-16E3-40F5-9620-CC4825BAB2E3}.AppStore|x86.ActiveCfg = Release|Any CPU
		{B8183EC3-16E3-40F5-9620-CC4825BAB2E3}.AppStore|x86.Build.0 = Release|Any CPU
		{B8183EC3-16E3-40F5-9620-CC4825BAB2E3}.Debug|Any CPU.ActiveCfg = Debug|Any CPU
		{B8183EC3-16E3-40F5-9620-CC4825BAB2E3}.Debug|Any CPU.Build.0 = Debug|Any CPU
		{B8183EC3-16E3-40F5-9620-CC4825BAB2E3}.Debug|ARM.ActiveCfg = Debug|Any CPU
		{B8183EC3-16E3-40F5-9620-CC4825BAB2E3}.Debug|ARM.Build.0 = Debug|Any CPU
		{B8183EC3-16E3-40F5-9620-CC4825BAB2E3}.Debug|iPhone.ActiveCfg = Debug|Any CPU
		{B8183EC3-16E3-40F5-9620-CC4825BAB2E3}.Debug|iPhone.Build.0 = Debug|Any CPU
		{B8183EC3-16E3-40F5-9620-CC4825BAB2E3}.Debug|iPhoneSimulator.ActiveCfg = Debug|Any CPU
		{B8183EC3-16E3-40F5-9620-CC4825BAB2E3}.Debug|iPhoneSimulator.Build.0 = Debug|Any CPU
		{B8183EC3-16E3-40F5-9620-CC4825BAB2E3}.Debug|x64.ActiveCfg = Debug|Any CPU
		{B8183EC3-16E3-40F5-9620-CC4825BAB2E3}.Debug|x64.Build.0 = Debug|Any CPU
		{B8183EC3-16E3-40F5-9620-CC4825BAB2E3}.Debug|x86.ActiveCfg = Debug|Any CPU
		{B8183EC3-16E3-40F5-9620-CC4825BAB2E3}.Debug|x86.Build.0 = Debug|Any CPU
		{B8183EC3-16E3-40F5-9620-CC4825BAB2E3}.Release|Any CPU.ActiveCfg = Release|Any CPU
		{B8183EC3-16E3-40F5-9620-CC4825BAB2E3}.Release|Any CPU.Build.0 = Release|Any CPU
		{B8183EC3-16E3-40F5-9620-CC4825BAB2E3}.Release|ARM.ActiveCfg = Release|Any CPU
		{B8183EC3-16E3-40F5-9620-CC4825BAB2E3}.Release|ARM.Build.0 = Release|Any CPU
		{B8183EC3-16E3-40F5-9620-CC4825BAB2E3}.Release|iPhone.ActiveCfg = Release|Any CPU
		{B8183EC3-16E3-40F5-9620-CC4825BAB2E3}.Release|iPhone.Build.0 = Release|Any CPU
		{B8183EC3-16E3-40F5-9620-CC4825BAB2E3}.Release|iPhoneSimulator.ActiveCfg = Release|Any CPU
		{B8183EC3-16E3-40F5-9620-CC4825BAB2E3}.Release|iPhoneSimulator.Build.0 = Release|Any CPU
		{B8183EC3-16E3-40F5-9620-CC4825BAB2E3}.Release|x64.ActiveCfg = Release|Any CPU
		{B8183EC3-16E3-40F5-9620-CC4825BAB2E3}.Release|x64.Build.0 = Release|Any CPU
		{B8183EC3-16E3-40F5-9620-CC4825BAB2E3}.Release|x86.ActiveCfg = Release|Any CPU
		{B8183EC3-16E3-40F5-9620-CC4825BAB2E3}.Release|x86.Build.0 = Release|Any CPU
		{45CEFA3A-E74A-4035-AAB6-4D882BE7CA7F}.Ad-Hoc|Any CPU.ActiveCfg = Release|x86
		{45CEFA3A-E74A-4035-AAB6-4D882BE7CA7F}.Ad-Hoc|Any CPU.Build.0 = Release|x86
		{45CEFA3A-E74A-4035-AAB6-4D882BE7CA7F}.Ad-Hoc|Any CPU.Deploy.0 = Release|x86
		{45CEFA3A-E74A-4035-AAB6-4D882BE7CA7F}.Ad-Hoc|ARM.ActiveCfg = Release|ARM
		{45CEFA3A-E74A-4035-AAB6-4D882BE7CA7F}.Ad-Hoc|ARM.Build.0 = Release|ARM
		{45CEFA3A-E74A-4035-AAB6-4D882BE7CA7F}.Ad-Hoc|ARM.Deploy.0 = Release|ARM
		{45CEFA3A-E74A-4035-AAB6-4D882BE7CA7F}.Ad-Hoc|iPhone.ActiveCfg = Release|x86
		{45CEFA3A-E74A-4035-AAB6-4D882BE7CA7F}.Ad-Hoc|iPhone.Build.0 = Release|x86
		{45CEFA3A-E74A-4035-AAB6-4D882BE7CA7F}.Ad-Hoc|iPhone.Deploy.0 = Release|x86
		{45CEFA3A-E74A-4035-AAB6-4D882BE7CA7F}.Ad-Hoc|iPhoneSimulator.ActiveCfg = Release|x86
		{45CEFA3A-E74A-4035-AAB6-4D882BE7CA7F}.Ad-Hoc|iPhoneSimulator.Build.0 = Release|x86
		{45CEFA3A-E74A-4035-AAB6-4D882BE7CA7F}.Ad-Hoc|iPhoneSimulator.Deploy.0 = Release|x86
		{45CEFA3A-E74A-4035-AAB6-4D882BE7CA7F}.Ad-Hoc|x64.ActiveCfg = Release|x64
		{45CEFA3A-E74A-4035-AAB6-4D882BE7CA7F}.Ad-Hoc|x64.Build.0 = Release|x64
		{45CEFA3A-E74A-4035-AAB6-4D882BE7CA7F}.Ad-Hoc|x64.Deploy.0 = Release|x64
		{45CEFA3A-E74A-4035-AAB6-4D882BE7CA7F}.Ad-Hoc|x86.ActiveCfg = Release|x86
		{45CEFA3A-E74A-4035-AAB6-4D882BE7CA7F}.Ad-Hoc|x86.Build.0 = Release|x86
		{45CEFA3A-E74A-4035-AAB6-4D882BE7CA7F}.Ad-Hoc|x86.Deploy.0 = Release|x86
		{45CEFA3A-E74A-4035-AAB6-4D882BE7CA7F}.AppStore|Any CPU.ActiveCfg = Release|x86
		{45CEFA3A-E74A-4035-AAB6-4D882BE7CA7F}.AppStore|Any CPU.Build.0 = Release|x86
		{45CEFA3A-E74A-4035-AAB6-4D882BE7CA7F}.AppStore|Any CPU.Deploy.0 = Release|x86
		{45CEFA3A-E74A-4035-AAB6-4D882BE7CA7F}.AppStore|ARM.ActiveCfg = Release|ARM
		{45CEFA3A-E74A-4035-AAB6-4D882BE7CA7F}.AppStore|ARM.Build.0 = Release|ARM
		{45CEFA3A-E74A-4035-AAB6-4D882BE7CA7F}.AppStore|ARM.Deploy.0 = Release|ARM
		{45CEFA3A-E74A-4035-AAB6-4D882BE7CA7F}.AppStore|iPhone.ActiveCfg = Release|x86
		{45CEFA3A-E74A-4035-AAB6-4D882BE7CA7F}.AppStore|iPhone.Build.0 = Release|x86
		{45CEFA3A-E74A-4035-AAB6-4D882BE7CA7F}.AppStore|iPhone.Deploy.0 = Release|x86
		{45CEFA3A-E74A-4035-AAB6-4D882BE7CA7F}.AppStore|iPhoneSimulator.ActiveCfg = Release|x86
		{45CEFA3A-E74A-4035-AAB6-4D882BE7CA7F}.AppStore|iPhoneSimulator.Build.0 = Release|x86
		{45CEFA3A-E74A-4035-AAB6-4D882BE7CA7F}.AppStore|iPhoneSimulator.Deploy.0 = Release|x86
		{45CEFA3A-E74A-4035-AAB6-4D882BE7CA7F}.AppStore|x64.ActiveCfg = Release|x64
		{45CEFA3A-E74A-4035-AAB6-4D882BE7CA7F}.AppStore|x64.Build.0 = Release|x64
		{45CEFA3A-E74A-4035-AAB6-4D882BE7CA7F}.AppStore|x64.Deploy.0 = Release|x64
		{45CEFA3A-E74A-4035-AAB6-4D882BE7CA7F}.AppStore|x86.ActiveCfg = Release|x86
		{45CEFA3A-E74A-4035-AAB6-4D882BE7CA7F}.AppStore|x86.Build.0 = Release|x86
		{45CEFA3A-E74A-4035-AAB6-4D882BE7CA7F}.AppStore|x86.Deploy.0 = Release|x86
		{45CEFA3A-E74A-4035-AAB6-4D882BE7CA7F}.Debug|Any CPU.ActiveCfg = Debug|x86
		{45CEFA3A-E74A-4035-AAB6-4D882BE7CA7F}.Debug|ARM.ActiveCfg = Debug|ARM
		{45CEFA3A-E74A-4035-AAB6-4D882BE7CA7F}.Debug|ARM.Build.0 = Debug|ARM
		{45CEFA3A-E74A-4035-AAB6-4D882BE7CA7F}.Debug|ARM.Deploy.0 = Debug|ARM
		{45CEFA3A-E74A-4035-AAB6-4D882BE7CA7F}.Debug|iPhone.ActiveCfg = Debug|x86
		{45CEFA3A-E74A-4035-AAB6-4D882BE7CA7F}.Debug|iPhoneSimulator.ActiveCfg = Debug|x86
		{45CEFA3A-E74A-4035-AAB6-4D882BE7CA7F}.Debug|x64.ActiveCfg = Debug|x64
		{45CEFA3A-E74A-4035-AAB6-4D882BE7CA7F}.Debug|x64.Build.0 = Debug|x64
		{45CEFA3A-E74A-4035-AAB6-4D882BE7CA7F}.Debug|x64.Deploy.0 = Debug|x64
		{45CEFA3A-E74A-4035-AAB6-4D882BE7CA7F}.Debug|x86.ActiveCfg = Debug|x86
		{45CEFA3A-E74A-4035-AAB6-4D882BE7CA7F}.Debug|x86.Build.0 = Debug|x86
		{45CEFA3A-E74A-4035-AAB6-4D882BE7CA7F}.Debug|x86.Deploy.0 = Debug|x86
		{45CEFA3A-E74A-4035-AAB6-4D882BE7CA7F}.Release|Any CPU.ActiveCfg = Release|x86
		{45CEFA3A-E74A-4035-AAB6-4D882BE7CA7F}.Release|ARM.ActiveCfg = Release|ARM
		{45CEFA3A-E74A-4035-AAB6-4D882BE7CA7F}.Release|ARM.Build.0 = Release|ARM
		{45CEFA3A-E74A-4035-AAB6-4D882BE7CA7F}.Release|ARM.Deploy.0 = Release|ARM
		{45CEFA3A-E74A-4035-AAB6-4D882BE7CA7F}.Release|iPhone.ActiveCfg = Release|x86
		{45CEFA3A-E74A-4035-AAB6-4D882BE7CA7F}.Release|iPhoneSimulator.ActiveCfg = Release|x86
		{45CEFA3A-E74A-4035-AAB6-4D882BE7CA7F}.Release|x64.ActiveCfg = Release|x64
		{45CEFA3A-E74A-4035-AAB6-4D882BE7CA7F}.Release|x64.Build.0 = Release|x64
		{45CEFA3A-E74A-4035-AAB6-4D882BE7CA7F}.Release|x64.Deploy.0 = Release|x64
		{45CEFA3A-E74A-4035-AAB6-4D882BE7CA7F}.Release|x86.ActiveCfg = Release|x86
		{45CEFA3A-E74A-4035-AAB6-4D882BE7CA7F}.Release|x86.Build.0 = Release|x86
		{45CEFA3A-E74A-4035-AAB6-4D882BE7CA7F}.Release|x86.Deploy.0 = Release|x86
		{A78A9F52-63E7-43EC-8286-D065AEED5AFC}.Ad-Hoc|Any CPU.ActiveCfg = Ad-Hoc|iPhone
		{A78A9F52-63E7-43EC-8286-D065AEED5AFC}.Ad-Hoc|ARM.ActiveCfg = Ad-Hoc|iPhone
		{A78A9F52-63E7-43EC-8286-D065AEED5AFC}.Ad-Hoc|iPhone.ActiveCfg = Ad-Hoc|iPhone
		{A78A9F52-63E7-43EC-8286-D065AEED5AFC}.Ad-Hoc|iPhone.Build.0 = Ad-Hoc|iPhone
		{A78A9F52-63E7-43EC-8286-D065AEED5AFC}.Ad-Hoc|iPhoneSimulator.ActiveCfg = Ad-Hoc|iPhoneSimulator
		{A78A9F52-63E7-43EC-8286-D065AEED5AFC}.Ad-Hoc|iPhoneSimulator.Build.0 = Ad-Hoc|iPhoneSimulator
		{A78A9F52-63E7-43EC-8286-D065AEED5AFC}.Ad-Hoc|x64.ActiveCfg = Ad-Hoc|iPhone
		{A78A9F52-63E7-43EC-8286-D065AEED5AFC}.Ad-Hoc|x86.ActiveCfg = Ad-Hoc|iPhone
		{A78A9F52-63E7-43EC-8286-D065AEED5AFC}.AppStore|Any CPU.ActiveCfg = AppStore|iPhone
		{A78A9F52-63E7-43EC-8286-D065AEED5AFC}.AppStore|ARM.ActiveCfg = AppStore|iPhone
		{A78A9F52-63E7-43EC-8286-D065AEED5AFC}.AppStore|iPhone.ActiveCfg = AppStore|iPhone
		{A78A9F52-63E7-43EC-8286-D065AEED5AFC}.AppStore|iPhone.Build.0 = AppStore|iPhone
		{A78A9F52-63E7-43EC-8286-D065AEED5AFC}.AppStore|iPhoneSimulator.ActiveCfg = AppStore|iPhoneSimulator
		{A78A9F52-63E7-43EC-8286-D065AEED5AFC}.AppStore|iPhoneSimulator.Build.0 = AppStore|iPhoneSimulator
		{A78A9F52-63E7-43EC-8286-D065AEED5AFC}.AppStore|x64.ActiveCfg = AppStore|iPhone
		{A78A9F52-63E7-43EC-8286-D065AEED5AFC}.AppStore|x86.ActiveCfg = AppStore|iPhone
		{A78A9F52-63E7-43EC-8286-D065AEED5AFC}.Debug|Any CPU.ActiveCfg = Debug|iPhone
		{A78A9F52-63E7-43EC-8286-D065AEED5AFC}.Debug|ARM.ActiveCfg = Debug|iPhone
		{A78A9F52-63E7-43EC-8286-D065AEED5AFC}.Debug|iPhone.ActiveCfg = Debug|iPhone
		{A78A9F52-63E7-43EC-8286-D065AEED5AFC}.Debug|iPhone.Build.0 = Debug|iPhone
		{A78A9F52-63E7-43EC-8286-D065AEED5AFC}.Debug|iPhoneSimulator.ActiveCfg = Debug|iPhoneSimulator
		{A78A9F52-63E7-43EC-8286-D065AEED5AFC}.Debug|iPhoneSimulator.Build.0 = Debug|iPhoneSimulator
		{A78A9F52-63E7-43EC-8286-D065AEED5AFC}.Debug|x64.ActiveCfg = Debug|iPhone
		{A78A9F52-63E7-43EC-8286-D065AEED5AFC}.Debug|x86.ActiveCfg = Debug|iPhone
		{A78A9F52-63E7-43EC-8286-D065AEED5AFC}.Release|Any CPU.ActiveCfg = Release|iPhone
		{A78A9F52-63E7-43EC-8286-D065AEED5AFC}.Release|ARM.ActiveCfg = Release|iPhone
		{A78A9F52-63E7-43EC-8286-D065AEED5AFC}.Release|iPhone.ActiveCfg = Release|iPhone
		{A78A9F52-63E7-43EC-8286-D065AEED5AFC}.Release|iPhone.Build.0 = Release|iPhone
		{A78A9F52-63E7-43EC-8286-D065AEED5AFC}.Release|iPhoneSimulator.ActiveCfg = Release|iPhoneSimulator
		{A78A9F52-63E7-43EC-8286-D065AEED5AFC}.Release|iPhoneSimulator.Build.0 = Release|iPhoneSimulator
		{A78A9F52-63E7-43EC-8286-D065AEED5AFC}.Release|x64.ActiveCfg = Release|iPhone
		{A78A9F52-63E7-43EC-8286-D065AEED5AFC}.Release|x86.ActiveCfg = Release|iPhone
	EndGlobalSection
	GlobalSection(SolutionProperties) = preSolution
		HideSolutionNode = FALSE
	EndGlobalSection
EndGlobal
